
Microsoft Visual Studio Solution File, Format Version 12.00
# Visual Studio Version 17
VisualStudioVersion = 17.8.34309.116
MinimumVisualStudioVersion = 10.0.40219.1
Project("{9A19103F-16F7-4668-BE54-9A1E7A4F7556}") = "discorddb", "discorddb.csproj", "{00A6EA74-3612-429D-97BB-54B71C6A996C}"
EndProject
Global
	GlobalSection(SolutionConfigurationPlatforms) = preSolution
		Debug|Any CPU = Debug|Any CPU
		Release|Any CPU = Release|Any CPU
	EndGlobalSection
	GlobalSection(ProjectConfigurationPlatforms) = postSolution
		{00A6EA74-3612-429D-97BB-54B71C6A996C}.Debug|Any CPU.ActiveCfg = Debug|Any CPU
		{00A6EA74-3612-429D-97BB-54B71C6A996C}.Debug|Any CPU.Build.0 = Debug|Any CPU
		{00A6EA74-3612-429D-97BB-54B71C6A996C}.Release|Any CPU.ActiveCfg = Release|Any CPU
		{00A6EA74-3612-429D-97BB-54B71C6A996C}.Release|Any CPU.Build.0 = Release|Any CPU
	EndGlobalSection
	GlobalSection(SolutionProperties) = preSolution
		HideSolutionNode = FALSE
	EndGlobalSection
	GlobalSection(ExtensibilityGlobals) = postSolution
		SolutionGuid = {B338C050-D13A-443E-BAD1-78AADF812A5C}
	EndGlobalSection
EndGlobal
